<?xml version="1.0" encoding="utf-8"?>
<Project ToolsVersion="4.0" xmlns="http://schemas.microsoft.com/developer/msbuild/2003">
  <ItemGroup>
    <Filter Include="源文件">
      <UniqueIdentifier>{4FC737F1-C7A5-4376-A066-2A32D752A2FF}</UniqueIdentifier>
      <Extensions>cpp;c;cc;cxx;def;odl;idl;hpj;bat;asm;asmx</Extensions>
    </Filter>
    <Filter Include="头文件">
      <UniqueIdentifier>{93995380-89BD-4b04-88EB-625FBE52EBFB}</UniqueIdentifier>
      <Extensions>h;hh;hpp;hxx;hm;inl;inc;ipp;xsd</Extensions>
    </Filter>
    <Filter Include="资源文件">
      <UniqueIdentifier>{67DA6AB6-F800-4c08-8B7A-83BB121AAD01}</UniqueIdentifier>
      <Extensions>rc;ico;cur;bmp;dlg;rc2;rct;bin;rgs;gif;jpg;jpeg;jpe;resx;tiff;tif;png;wav;mfcribbon-ms</Extensions>
    </Filter>
  </ItemGroup>
  <ItemGroup>
    <ClCompile Include="2968. 付钱.cpp">
      <Filter>源文件</Filter>
    </ClCompile>
    <ClCompile Include="1073. 几位数？.cpp">
      <Filter>源文件</Filter>
    </ClCompile>
    <ClCompile Include="main.cpp">
      <Filter>源文件</Filter>
    </ClCompile>
    <ClCompile Include="3686. 回文串.cpp">
      <Filter>源文件</Filter>
    </ClCompile>
    <ClCompile Include="1828. 起床.cpp">
      <Filter>源文件</Filter>
    </ClCompile>
    <ClCompile Include="1841. 津津的书架.cpp">
      <Filter>源文件</Filter>
    </ClCompile>
    <ClCompile Include="2008. 查询.cpp">
      <Filter>源文件</Filter>
    </ClCompile>
    <ClCompile Include="1002. IP Address.cpp">
      <Filter>源文件</Filter>
    </ClCompile>
    <ClCompile Include="2031. 绝对值排序.cpp">
      <Filter>源文件</Filter>
    </ClCompile>
    <ClCompile Include="2143. 端午节快乐.cpp">
      <Filter>源文件</Filter>
    </ClCompile>
    <ClCompile Include="1221. 值班%28存在未明BUG%29.cpp">
      <Filter>源文件</Filter>
    </ClCompile>
    <ClCompile Include="2581. 0 and 1.cpp">
      <Filter>源文件</Filter>
    </ClCompile>
    <ClCompile Include="2004. 火仙花数.cpp">
      <Filter>源文件</Filter>
    </ClCompile>
    <ClCompile Include="3682. 宇恒棋.cpp">
      <Filter>源文件</Filter>
    </ClCompile>
    <ClCompile Include="2140. 矩阵相加.cpp">
      <Filter>源文件</Filter>
    </ClCompile>
    <ClCompile Include="2145. 拥塞的城市.cpp">
      <Filter>源文件</Filter>
    </ClCompile>
    <ClCompile Include="2568. Sum of digit.cpp">
      <Filter>源文件</Filter>
    </ClCompile>
  </ItemGroup>
  <ItemGroup>
    <ClInclude Include="1026. 重力加速度.cpp">
      <Filter>源文件</Filter>
    </ClInclude>
    <ClInclude Include="eoj_solutions.h">
      <Filter>头文件</Filter>
    </ClInclude>
  </ItemGroup>
  <ItemGroup>
    <Text Include="example.txt">
      <Filter>资源文件</Filter>
    </Text>
    <Text Include="技巧记录.txt">
      <Filter>源文件</Filter>
    </Text>
    <Text Include="大数处理测试文件.txt">
      <Filter>源文件</Filter>
    </Text>
  </ItemGroup>
</Project>